
Microsoft Visual Studio Solution File, Format Version 12.00
# Visual Studio Version 17
VisualStudioVersion = 17.0.32014.148
MinimumVisualStudioVersion = 10.0.40219.1
Project("{FAE04EC0-301F-11D3-BF4B-00C04F79EFBC}") = "ConsoleApp1", "ConsoleApp1\ConsoleApp1.csproj", "{3489B834-D54B-46A0-8ADC-8B33B4E2E587}"
EndProject
Project("{FAE04EC0-301F-11D3-BF4B-00C04F79EFBC}") = "LinkedList", "LinkedList\LinkedList.csproj", "{BCE2EDFF-7D09-4E50-824D-69E5632C3952}"
EndProject
Global
	GlobalSection(SolutionConfigurationPlatforms) = preSolution
		Debug|Any CPU = Debug|Any CPU
		Release|Any CPU = Release|Any CPU
	EndGlobalSection
	GlobalSection(ProjectConfigurationPlatforms) = postSolution
		{3489B834-D54B-46A0-8ADC-8B33B4E2E587}.Debug|Any CPU.ActiveCfg = Debug|Any CPU
		{3489B834-D54B-46A0-8ADC-8B33B4E2E587}.Debug|Any CPU.Build.0 = Debug|Any CPU
		{3489B834-D54B-46A0-8ADC-8B33B4E2E587}.Release|Any CPU.ActiveCfg = Release|Any CPU
		{3489B834-D54B-46A0-8ADC-8B33B4E2E587}.Release|Any CPU.Build.0 = Release|Any CPU
		{BCE2EDFF-7D09-4E50-824D-69E5632C3952}.Debug|Any CPU.ActiveCfg = Debug|Any CPU
		{BCE2EDFF-7D09-4E50-824D-69E5632C3952}.Debug|Any CPU.Build.0 = Debug|Any CPU
		{BCE2EDFF-7D09-4E50-824D-69E5632C3952}.Release|Any CPU.ActiveCfg = Release|Any CPU
		{BCE2EDFF-7D09-4E50-824D-69E5632C3952}.Release|Any CPU.Build.0 = Release|Any CPU
	EndGlobalSection
	GlobalSection(SolutionProperties) = preSolution
		HideSolutionNode = FALSE
	EndGlobalSection
	GlobalSection(ExtensibilityGlobals) = postSolution
		SolutionGuid = {EBD426D0-EF1B-4886-BA86-C41127D17B2C}
	EndGlobalSection
EndGlobal
